
Microsoft Visual Studio Solution File, Format Version 12.00
# Visual Studio Version 17
VisualStudioVersion = 17.7.34031.279
MinimumVisualStudioVersion = 10.0.40219.1
Project("{9A19103F-16F7-4668-BE54-9A1E7A4F7556}") = "DemoProgressBar", "DemoProgressBar\DemoProgressBar.csproj", "{2772761B-5F2F-4DF3-B466-EEDCB86ACE45}"
EndProject
Project("{9A19103F-16F7-4668-BE54-9A1E7A4F7556}") = "DemoProgressBarAPI", "DemoProgressBarAPI\DemoProgressBarAPI.csproj", "{4098F8CC-4579-458F-BE8F-07C20F6BCF94}"
EndProject
Global
	GlobalSection(SolutionConfigurationPlatforms) = preSolution
		Debug|Any CPU = Debug|Any CPU
		Release|Any CPU = Release|Any CPU
	EndGlobalSection
	GlobalSection(ProjectConfigurationPlatforms) = postSolution
		{2772761B-5F2F-4DF3-B466-EEDCB86ACE45}.Debug|Any CPU.ActiveCfg = Debug|Any CPU
		{2772761B-5F2F-4DF3-B466-EEDCB86ACE45}.Debug|Any CPU.Build.0 = Debug|Any CPU
		{2772761B-5F2F-4DF3-B466-EEDCB86ACE45}.Release|Any CPU.ActiveCfg = Release|Any CPU
		{2772761B-5F2F-4DF3-B466-EEDCB86ACE45}.Release|Any CPU.Build.0 = Release|Any CPU
		{4098F8CC-4579-458F-BE8F-07C20F6BCF94}.Debug|Any CPU.ActiveCfg = Debug|Any CPU
		{4098F8CC-4579-458F-BE8F-07C20F6BCF94}.Debug|Any CPU.Build.0 = Debug|Any CPU
		{4098F8CC-4579-458F-BE8F-07C20F6BCF94}.Release|Any CPU.ActiveCfg = Release|Any CPU
		{4098F8CC-4579-458F-BE8F-07C20F6BCF94}.Release|Any CPU.Build.0 = Release|Any CPU
	EndGlobalSection
	GlobalSection(SolutionProperties) = preSolution
		HideSolutionNode = FALSE
	EndGlobalSection
	GlobalSection(ExtensibilityGlobals) = postSolution
		SolutionGuid = {D1F0CE0E-E447-4379-A3EC-3C6983550576}
	EndGlobalSection
EndGlobal
